
Microsoft Visual Studio Solution File, Format Version 12.00
# Visual Studio Version 17
VisualStudioVersion = 17.11.35303.130
MinimumVisualStudioVersion = 10.0.40219.1
Project("{8BC9CEB8-8B4A-11D0-8D11-00A0C91BC942}") = "VCFImporter", "Saphetor.vcxproj", "{885D1AD8-916B-4B99-AB15-07EB8B9DC03A}"
	ProjectSection(ProjectDependencies) = postProject
		{2FAE2E55-5D4B-4FFC-8C17-E04A7FE9E75E} = {2FAE2E55-5D4B-4FFC-8C17-E04A7FE9E75E}
	EndProjectSection
EndProject
Project("{8BC9CEB8-8B4A-11D0-8D11-00A0C91BC942}") = "tests", "tests\tests.vcxproj", "{F0A76E52-76D3-414D-85D2-23F68CA52710}"
	ProjectSection(ProjectDependencies) = postProject
		{2FAE2E55-5D4B-4FFC-8C17-E04A7FE9E75E} = {2FAE2E55-5D4B-4FFC-8C17-E04A7FE9E75E}
	EndProjectSection
EndProject
Project("{8BC9CEB8-8B4A-11D0-8D11-00A0C91BC942}") = "Common", "Common\Common.vcxproj", "{2FAE2E55-5D4B-4FFC-8C17-E04A7FE9E75E}"
EndProject
Global
	GlobalSection(SolutionConfigurationPlatforms) = preSolution
		Debug|x64 = Debug|x64
		Debug|x86 = Debug|x86
		Release|x64 = Release|x64
		Release|x86 = Release|x86
	EndGlobalSection
	GlobalSection(ProjectConfigurationPlatforms) = postSolution
		{885D1AD8-916B-4B99-AB15-07EB8B9DC03A}.Debug|x64.ActiveCfg = Debug|x64
		{885D1AD8-916B-4B99-AB15-07EB8B9DC03A}.Debug|x64.Build.0 = Debug|x64
		{885D1AD8-916B-4B99-AB15-07EB8B9DC03A}.Debug|x86.ActiveCfg = Debug|Win32
		{885D1AD8-916B-4B99-AB15-07EB8B9DC03A}.Debug|x86.Build.0 = Debug|Win32
		{885D1AD8-916B-4B99-AB15-07EB8B9DC03A}.Release|x64.ActiveCfg = Release|x64
		{885D1AD8-916B-4B99-AB15-07EB8B9DC03A}.Release|x64.Build.0 = Release|x64
		{885D1AD8-916B-4B99-AB15-07EB8B9DC03A}.Release|x86.ActiveCfg = Release|Win32
		{885D1AD8-916B-4B99-AB15-07EB8B9DC03A}.Release|x86.Build.0 = Release|Win32
		{F0A76E52-76D3-414D-85D2-23F68CA52710}.Debug|x64.ActiveCfg = Debug|x64
		{F0A76E52-76D3-414D-85D2-23F68CA52710}.Debug|x64.Build.0 = Debug|x64
		{F0A76E52-76D3-414D-85D2-23F68CA52710}.Debug|x86.ActiveCfg = Debug|Win32
		{F0A76E52-76D3-414D-85D2-23F68CA52710}.Debug|x86.Build.0 = Debug|Win32
		{F0A76E52-76D3-414D-85D2-23F68CA52710}.Release|x64.ActiveCfg = Release|x64
		{F0A76E52-76D3-414D-85D2-23F68CA52710}.Release|x64.Build.0 = Release|x64
		{F0A76E52-76D3-414D-85D2-23F68CA52710}.Release|x86.ActiveCfg = Release|Win32
		{F0A76E52-76D3-414D-85D2-23F68CA52710}.Release|x86.Build.0 = Release|Win32
		{2FAE2E55-5D4B-4FFC-8C17-E04A7FE9E75E}.Debug|x64.ActiveCfg = Debug|x64
		{2FAE2E55-5D4B-4FFC-8C17-E04A7FE9E75E}.Debug|x64.Build.0 = Debug|x64
		{2FAE2E55-5D4B-4FFC-8C17-E04A7FE9E75E}.Debug|x86.ActiveCfg = Debug|Win32
		{2FAE2E55-5D4B-4FFC-8C17-E04A7FE9E75E}.Debug|x86.Build.0 = Debug|Win32
		{2FAE2E55-5D4B-4FFC-8C17-E04A7FE9E75E}.Release|x64.ActiveCfg = Release|x64
		{2FAE2E55-5D4B-4FFC-8C17-E04A7FE9E75E}.Release|x64.Build.0 = Release|x64
		{2FAE2E55-5D4B-4FFC-8C17-E04A7FE9E75E}.Release|x86.ActiveCfg = Release|Win32
		{2FAE2E55-5D4B-4FFC-8C17-E04A7FE9E75E}.Release|x86.Build.0 = Release|Win32
	EndGlobalSection
	GlobalSection(SolutionProperties) = preSolution
		HideSolutionNode = FALSE
	EndGlobalSection
	GlobalSection(ExtensibilityGlobals) = postSolution
		SolutionGuid = {B0CE7343-3F61-4684-BC64-3B0890541292}
	EndGlobalSection
EndGlobal
